// !$*UTF8*$!
{
	archiveVersion = 1;
	classes = {
	};
	objectVersion = 46;
	objects = {

/* Begin PBXBuildFile section */
		4BBAE5491EB0515900204620 /* AppDelegate.swift in Sources */ = {isa = PBXBuildFile; fileRef = 4BBAE5481EB0515900204620 /* AppDelegate.swift */; };
		4BBAE54B1EB0515900204620 /* ViewController.swift in Sources */ = {isa = PBXBuildFile; fileRef = 4BBAE54A1EB0515900204620 /* ViewController.swift */; };
		4BBAE54E1EB0515900204620 /* Main.storyboard in Resources */ = {isa = PBXBuildFile; fileRef = 4BBAE54C1EB0515900204620 /* Main.storyboard */; };
		4BBAE5501EB0515900204620 /* Assets.xcassets in Resources */ = {isa = PBXBuildFile; fileRef = 4BBAE54F1EB0515900204620 /* Assets.xcassets */; };
		4BBAE5531EB0515900204620 /* LaunchScreen.storyboard in Resources */ = {isa = PBXBuildFile; fileRef = 4BBAE5511EB0515900204620 /* LaunchScreen.storyboard */; };
/* End PBXBuildFile section */

/* Begin PBXFileReference section */
		4BBAE5451EB0515900204620 /* XCodeTest.app */ = {isa = PBXFileReference; explicitFileType = wrapper.application; includeInIndex = 0; path = XCodeTest.app; sourceTree = BUILT_PRODUCTS_DIR; };
		4BBAE5481EB0515900204620 /* AppDelegate.swift */ = {isa = PBXFileReference; lastKnownFileType = sourcecode.swift; path = AppDelegate.swift; sourceTree = "<group>"; };
		4BBAE54A1EB0515900204620 /* ViewController.swift */ = {isa = PBXFileReference; lastKnownFileType = sourcecode.swift; path = ViewController.swift; sourceTree = "<group>"; };
		4BBAE54D1EB0515900204620 /* Base */ = {isa = PBXFileReference; lastKnownFileType = file.storyboard; name = Base; path = Base.lproj/Main.storyboard; sourceTree = "<group>"; };
		4BBAE54F1EB0515900204620 /* Assets.xcassets */ = {isa = PBXFileReference; lastKnownFileType = folder.assetcatalog; path = Assets.xcassets; sourceTree = "<group>"; };
		4BBAE5521EB0515900204620 /* Base */ = {isa = PBXFileReference; lastKnownFileType = file.storyboard; name = Base; path = Base.lproj/LaunchScreen.storyboard; sourceTree = "<group>"; };
		4BBAE5541EB0515900204620 /* Info.plist */ = {isa = PBXFileReference; lastKnownFileType = text.plist.xml; path = Info.plist; sourceTree = "<group>"; };
/* End PBXFileReference section */

/* Begin PBXFrameworksBuildPhase section */
		4BBAE5421EB0515900204620 /* Frameworks */ = {
			isa = PBXFrameworksBuildPhase;
			buildActionMask = 2147483647;
			files = (
			);
			runOnlyForDeploymentPostprocessing = 0;
		};
/* End PBXFrameworksBuildPhase section */

/* Begin PBXGroup section */
		4BBAE53C1EB0515900204620 = {
			isa = PBXGroup;
			children = (
				4BBAE5471EB0515900204620 /* XCodeTest */,
				4BBAE5461EB0515900204620 /* Products */,
			);
			sourceTree = "<group>";
		};
		4BBAE5461EB0515900204620 /* Products */ = {
			isa = PBXGroup;
			children = (
				4BBAE5451EB0515900204620 /* XCodeTest.app */,
			);
			name = Products;
			sourceTree = "<group>";
		};
		4BBAE5471EB0515900204620 /* XCodeTest */ = {
			isa = PBXGroup;
			children = (
				4BBAE5481EB0515900204620 /* AppDelegate.swift */,
				4BBAE54A1EB0515900204620 /* ViewController.swift */,
				4BBAE54C1EB0515900204620 /* Main.storyboard */,
				4BBAE54F1EB0515900204620 /* Assets.xcassets */,
				4BBAE5511EB0515900204620 /* LaunchScreen.storyboard */,
				4BBAE5541EB0515900204620 /* Info.plist */,
			);
			path = XCodeTest;
			sourceTree = "<group>";
		};
/* End PBXGroup section */

/* Begin PBXNativeTarget section */
		4BBAE5441EB0515900204620 /* XCodeTest */ = {
			isa = PBXNativeTarget;
			buildConfigurationList = 4BBAE5571EB0515900204620 /* Build configuration list for PBXNativeTarget "XCodeTest" */;
			buildPhases = (
				4BBAE5411EB0515900204620 /* Sources */,
				4BBAE5421EB0515900204620 /* Frameworks */,
				4BBAE5431EB0515900204620 /* Resources */,
			);
			buildRules = (
			);
			dependencies = (
			);
			name = XCodeTest;
			productName = XCodeTest;
			productReference = 4BBAE5451EB0515900204620 /* XCodeTest.app */;
			productType = "com.apple.product-type.application";
		};
/* End PBXNativeTarget section */

/* Begin PBXProject section */
		4BBAE53D1EB0515900204620 /* Project object */ = {
			isa = PBXProject;
			attributes = {
				LastSwiftUpdateCheck = 0830;
				LastUpgradeCheck = 0830;
				ORGANIZATIONNAME = "Kashif Imran";
				TargetAttributes = {
					4BBAE5441EB0515900204620 = {
						CreatedOnToolsVersion = 8.3.2;
						ProvisioningStyle = Automatic;
					};
				};
			};
			buildConfigurationList = 4BBAE5401EB0515900204620 /* Build configuration list for PBXProject "XCodeTest" */;
			compatibilityVersion = "Xcode 3.2";
			developmentRegion = English;
			hasScannedForEncodings = 0;
			knownRegions = (
				en,
				Base,
			);
			mainGroup = 4BBAE53C1EB0515900204620;
			productRefGroup = 4BBAE5461EB0515900204620 /* Products */;
			projectDirPath = "";
			projectRoot = "";
			targets = (
				4BBAE5441EB0515900204620 /* XCodeTest */,
			);
		};
/* End PBXProject section */

/* Begin PBXResourcesBuildPhase section */
		4BBAE5431EB0515900204620 /* Resources */ = {
			isa = PBXResourcesBuildPhase;
			buildActionMask = 2147483647;
			files = (
				4BBAE5531EB0515900204620 /* LaunchScreen.storyboard in Resources */,
				4BBAE5501EB0515900204620 /* Assets.xcassets in Resources */,
				4BBAE54E1EB0515900204620 /* Main.storyboard in Resources */,
			);
			runOnlyForDeploymentPostprocessing = 0;
		};
/* End PBXResourcesBuildPhase section */

/* Begin PBXSourcesBuildPhase section */
		4BBAE5411EB0515900204620 /* Sources */ = {
			isa = PBXSourcesBuildPhase;
			buildActionMask = 2147483647;
			files = (
				4BBAE54B1EB0515900204620 /* ViewController.swift in Sources */,
				4BBAE5491EB0515900204620 /* AppDelegate.swift in Sources */,
			);
			runOnlyForDeploymentPostprocessing = 0;
		};
/* End PBXSourcesBuildPhase section */

/* Begin PBXVariantGroup section */
		4BBAE54C1EB0515900204620 /* Main.storyboard */ = {
			isa = PBXVariantGroup;
			children = (
				4BBAE54D1EB0515900204620 /* Base */,
			);
			name = Main.storyboard;
			sourceTree = "<group>";
		};
		4BBAE5511EB0515900204620 /* LaunchScreen.storyboard */ = {
			isa = PBXVariantGroup;
			children = (
				4BBAE5521EB0515900204620 /* Base */,
			);
			name = LaunchScreen.storyboard;
			sourceTree = "<group>";
		};
/* End PBXVariantGroup section */

/* Begin XCBuildConfiguration section */
		4BBAE5551EB0515900204620 /* Debug */ = {
			isa = XCBuildConfiguration;
			buildSettings = {
				ALWAYS_SEARCH_USER_PATHS = NO;
				CLANG_ANALYZER_NONNULL = YES;
				CLANG_ANALYZER_NUMBER_OBJECT_CONVERSION = YES_AGGRESSIVE;
				CLANG_CXX_LANGUAGE_STANDARD = "gnu++0x";
				CLANG_CXX_LIBRARY = "libc++";
				CLANG_ENABLE_MODULES = YES;
				CLANG_ENABLE_OBJC_ARC = YES;
				CLANG_WARN_BOOL_CONVERSION = YES;
				CLANG_WARN_CONSTANT_CONVERSION = YES;
				CLANG_WARN_DIRECT_OBJC_ISA_USAGE = YES_ERROR;
				CLANG_WARN_DOCUMENTATION_COMMENTS = YES;
				CLANG_WARN_EMPTY_BODY = YES;
				CLANG_WARN_ENUM_CONVERSION = YES;
				CLANG_WARN_INFINITE_RECURSION = YES;
				CLANG_WARN_INT_CONVERSION = YES;
				CLANG_WARN_OBJC_ROOT_CLASS = YES_ERROR;
				CLANG_WARN_SUSPICIOUS_MOVE = YES;
				CLANG_WARN_UNREACHABLE_CODE = YES;
				CLANG_WARN__DUPLICATE_METHOD_MATCH = YES;
				"CODE_SIGN_IDENTITY[sdk=iphoneos*]" = "iPhone Developer";
				COPY_PHASE_STRIP = NO;
				DEBUG_INFORMATION_FORMAT = dwarf;
				ENABLE_STRICT_OBJC_MSGSEND = YES;
				ENABLE_TESTABILITY = YES;
				GCC_C_LANGUAGE_STANDARD = gnu99;
				GCC_DYNAMIC_NO_PIC = NO;
				GCC_NO_COMMON_BLOCKS = YES;
				GCC_OPTIMIZATION_LEVEL = 0;
				GCC_PREPROCESSOR_DEFINITIONS = (
					"DEBUG=1",
					"$(inherited)",
				);
				GCC_WARN_64_TO_32_BIT_CONVERSION = YES;
				GCC_WARN_ABOUT_RETURN_TYPE = YES_ERROR;
				GCC_WARN_UNDECLARED_SELECTOR = YES;
				GCC_WARN_UNINITIALIZED_AUTOS = YES_AGGRESSIVE;
				GCC_WARN_UNUSED_FUNCTION = YES;
				GCC_WARN_UNUSED_VARIABLE = YES;
				IPHONEOS_DEPLOYMENT_TARGET = 10.3;
				MTL_ENABLE_DEBUG_INFO = YES;
				ONLY_ACTIVE_ARCH = YES;
				SDKROOT = iphoneos;
				SWIFT_ACTIVE_COMPILATION_CONDITIONS = DEBUG;
				SWIFT_OPTIMIZATION_LEVEL = "-Onone";
			};
			name = Debug;
		};
		4BBAE5561EB0515900204620 /* Release */ = {
			isa = XCBuildConfiguration;
			buildSettings = {
				ALWAYS_SEARCH_USER_PATHS = NO;
				CLANG_ANALYZER_NONNULL = YES;
				CLANG_ANALYZER_NUMBER_OBJECT_CONVERSION = YES_AGGRESSIVE;
				CLANG_CXX_LANGUAGE_STANDARD = "gnu++0x";
				CLANG_CXX_LIBRARY = "libc++";
				CLANG_ENABLE_MODULES = YES;
				CLANG_ENABLE_OBJC_ARC = YES;
				CLANG_WARN_BOOL_CONVERSION = YES;
				CLANG_WARN_CONSTANT_CONVERSION = YES;
				CLANG_WARN_DIRECT_OBJC_ISA_USAGE = YES_ERROR;
				CLANG_WARN_DOCUMENTATION_COMMENTS = YES;
				CLANG_WARN_EMPTY_BODY = YES;
				CLANG_WARN_ENUM_CONVERSION = YES;
				CLANG_WARN_INFINITE_RECURSION = YES;
				CLANG_WARN_INT_CONVERSION = YES;
				CLANG_WARN_OBJC_ROOT_CLASS = YES_ERROR;
				CLANG_WARN_SUSPICIOUS_MOVE = YES;
				CLANG_WARN_UNREACHABLE_CODE = YES;
				CLANG_WARN__DUPLICATE_METHOD_MATCH = YES;
				"CODE_SIGN_IDENTITY[sdk=iphoneos*]" = "iPhone Developer";
				COPY_PHASE_STRIP = NO;
				DEBUG_INFORMATION_FORMAT = "dwarf-with-dsym";
				ENABLE_NS_ASSERTIONS = NO;
				ENABLE_STRICT_OBJC_MSGSEND = YES;
				GCC_C_LANGUAGE_STANDARD = gnu99;
				GCC_NO_COMMON_BLOCKS = YES;
				GCC_WARN_64_TO_32_BIT_CONVERSION = YES;
				GCC_WARN_ABOUT_RETURN_TYPE = YES_ERROR;
				GCC_WARN_UNDECLARED_SELECTOR = YES;
				GCC_WARN_UNINITIALIZED_AUTOS = YES_AGGRESSIVE;
				GCC_WARN_UNUSED_FUNCTION = YES;
				GCC_WARN_UNUSED_VARIABLE = YES;
				IPHONEOS_DEPLOYMENT_TARGET = 10.3;
				MTL_ENABLE_DEBUG_INFO = NO;
				SDKROOT = iphoneos;
				SWIFT_OPTIMIZATION_LEVEL = "-Owholemodule";
				VALIDATE_PRODUCT = YES;
			};
			name = Release;
		};
		4BBAE5581EB0515900204620 /* Debug */ = {
			isa = XCBuildConfiguration;
			buildSettings = {
				ASSETCATALOG_COMPILER_APPICON_NAME = AppIcon;
				INFOPLIST_FILE = XCodeTest/Info.plist;
				LD_RUNPATH_SEARCH_PATHS = "$(inherited) @executable_path/Frameworks";
				PRODUCT_BUNDLE_IDENTIFIER = Kashif.XCodeTest;
				PRODUCT_NAME = "$(TARGET_NAME)";
				SWIFT_VERSION = 3.0;
			};
			name = Debug;
		};
		4BBAE5591EB0515900204620 /* Release */ = {
			isa = XCBuildConfiguration;
			buildSettings = {
				ASSETCATALOG_COMPILER_APPICON_NAME = AppIcon;
				INFOPLIST_FILE = XCodeTest/Info.plist;
				LD_RUNPATH_SEARCH_PATHS = "$(inherited) @executable_path/Frameworks";
				PRODUCT_BUNDLE_IDENTIFIER = Kashif.XCodeTest;
				PRODUCT_NAME = "$(TARGET_NAME)";
				SWIFT_VERSION = 3.0;
			};
			name = Release;
		};
/* End XCBuildConfiguration section */

/* Begin XCConfigurationList section */
		4BBAE5401EB0515900204620 /* Build configuration list for PBXProject "XCodeTest" */ = {
			isa = XCConfigurationList;
			buildConfigurations = (
				4BBAE5551EB0515900204620 /* Debug */,
				4BBAE5561EB0515900204620 /* Release */,
			);
			defaultConfigurationIsVisible = 0;
			defaultConfigurationName = Release;
		};
		4BBAE5571EB0515900204620 /* Build configuration list for PBXNativeTarget "XCodeTest" */ = {
			isa = XCConfigurationList;
			buildConfigurations = (
				4BBAE5581EB0515900204620 /* Debug */,
				4BBAE5591EB0515900204620 /* Release */,
			);
			defaultConfigurationIsVisible = 0;
		};
/* End XCConfigurationList section */
	};
	rootObject = 4BBAE53D1EB0515900204620 /* Project object */;
}
